github.com/WellyShadow/Golang_Homework/go-task2/pkg/checkerstring v0.0.0-20220912102854-70bd32d2e084 h1:D6STFPTQ4i0EgfeCIk4ll7b0WLmEivBBds35Z6cKcjs=
github.com/WellyShadow/Golang_Homework/go-task2/pkg/checkerstring v0.0.0-20220912102854-70bd32d2e084/go.mod h1:cRtoYnnrTC0/Hhp37zoEoeZvSqMD7Hsal+/9KbaR8Cw=
