github.com/WellyShadow/Golang_Homework/go-task2/pkg/checkerstring v0.0.0-20220913075420-6c4347c9137e h1:Sp0dMm8MbbiJxBpmhpDaCgdG+4dEu6EUwJ63+0koGPo=
github.com/WellyShadow/Golang_Homework/go-task2/pkg/checkerstring v0.0.0-20220913075420-6c4347c9137e/go.mod h1:cRtoYnnrTC0/Hhp37zoEoeZvSqMD7Hsal+/9KbaR8Cw=
