github.com/WellyShadow/Golang_Homework/go-task2/pkg/checkerstring v0.0.0-20220912132553-bad08ace80ec h1:iiXoqPXDWFET2UgED5VN+ryvoI0fSt5DV/Xt2N5p+Z8=
github.com/WellyShadow/Golang_Homework/go-task2/pkg/checkerstring v0.0.0-20220912132553-bad08ace80ec/go.mod h1:cRtoYnnrTC0/Hhp37zoEoeZvSqMD7Hsal+/9KbaR8Cw=
